
Microsoft Visual Studio Solution File, Format Version 12.00
# Visual Studio Version 17
VisualStudioVersion = 17.4.33213.308
MinimumVisualStudioVersion = 10.0.40219.1
Project("{FAE04EC0-301F-11D3-BF4B-00C04F79EFBC}") = "Itog5.6", "Itog5.6\Itog5.6.csproj", "{2F50C3CC-1AA1-402E-B39D-3ACDCD8094BC}"
EndProject
Global
	GlobalSection(SolutionConfigurationPlatforms) = preSolution
		Debug|Any CPU = Debug|Any CPU
		Release|Any CPU = Release|Any CPU
	EndGlobalSection
	GlobalSection(ProjectConfigurationPlatforms) = postSolution
		{2F50C3CC-1AA1-402E-B39D-3ACDCD8094BC}.Debug|Any CPU.ActiveCfg = Debug|Any CPU
		{2F50C3CC-1AA1-402E-B39D-3ACDCD8094BC}.Debug|Any CPU.Build.0 = Debug|Any CPU
		{2F50C3CC-1AA1-402E-B39D-3ACDCD8094BC}.Release|Any CPU.ActiveCfg = Release|Any CPU
		{2F50C3CC-1AA1-402E-B39D-3ACDCD8094BC}.Release|Any CPU.Build.0 = Release|Any CPU
	EndGlobalSection
	GlobalSection(SolutionProperties) = preSolution
		HideSolutionNode = FALSE
	EndGlobalSection
	GlobalSection(ExtensibilityGlobals) = postSolution
		SolutionGuid = {3C767182-E9C5-4ECE-A121-15900A3CF215}
	EndGlobalSection
EndGlobal
